
Microsoft Visual Studio Solution File, Format Version 12.00
# Visual Studio 15
VisualStudioVersion = 15.0.27004.2002
MinimumVisualStudioVersion = 10.0.40219.1
Project("{9A19103F-16F7-4668-BE54-9A1E7A4F7556}") = "Dubbo.Net.Common", "Dubbo.Net.Common\Dubbo.Net.Common.csproj", "{D10FC4AF-9F93-4F03-B182-7E355CBE090E}"
EndProject
Project("{FAE04EC0-301F-11D3-BF4B-00C04F79EFBC}") = "Dubbo.Net.Test", "Dubbo.Net.Test\Dubbo.Net.Test.csproj", "{234EA92B-DB0A-4554-8AE4-17A554220114}"
EndProject
Project("{9A19103F-16F7-4668-BE54-9A1E7A4F7556}") = "Dubbo.Net.Remoting", "Dubbo.Net.Remoting\Dubbo.Net.Remoting.csproj", "{796F1497-C3E5-47BC-BA4A-A0D4F87B9BBE}"
EndProject
Project("{9A19103F-16F7-4668-BE54-9A1E7A4F7556}") = "Dubbo.Net.Rpc", "Dubbo.Net.Rpc\Dubbo.Net.Rpc.csproj", "{21494EA9-4891-4CE4-99F7-14B876F8C9AB}"
EndProject
Project("{9A19103F-16F7-4668-BE54-9A1E7A4F7556}") = "Dubbo.Net.Remoting.DotNetty", "Dubbo.Net.Remoting.DotNetty\Dubbo.Net.Remoting.DotNetty.csproj", "{8C7B7BD9-19E5-465C-8B4C-3562EFCCFD1A}"
EndProject
Project("{FAE04EC0-301F-11D3-BF4B-00C04F79EFBC}") = "Dubbo.Net.Config", "Dubbo.Net.Config\Dubbo.Net.Config.csproj", "{597EA907-5E99-47D0-AA81-F0EF2FFD5FAD}"
EndProject
Project("{FAE04EC0-301F-11D3-BF4B-00C04F79EFBC}") = "Dubbo.Net.Applications", "Dubbo.Net.Applications\Dubbo.Net.Applications.csproj", "{AAFF0B99-EC70-4386-8D77-7CF0D9FD5B75}"
EndProject
Project("{FAE04EC0-301F-11D3-BF4B-00C04F79EFBC}") = "Dubbo.Net.CoreTest", "Dubbo.Net.CoreTest\Dubbo.Net.CoreTest.csproj", "{A9FD9E31-6847-4EC9-921C-63C2864213D6}"
EndProject
Project("{9A19103F-16F7-4668-BE54-9A1E7A4F7556}") = "Dubbo.Net.Proxy", "Dubbo.Net.Proxy\Dubbo.Net.Proxy.csproj", "{365DA7C0-2345-4D4E-985F-69EEA37E6018}"
EndProject
Global
	GlobalSection(SolutionConfigurationPlatforms) = preSolution
		Debug|Any CPU = Debug|Any CPU
		Release|Any CPU = Release|Any CPU
	EndGlobalSection
	GlobalSection(ProjectConfigurationPlatforms) = postSolution
		{D10FC4AF-9F93-4F03-B182-7E355CBE090E}.Debug|Any CPU.ActiveCfg = Debug|Any CPU
		{D10FC4AF-9F93-4F03-B182-7E355CBE090E}.Debug|Any CPU.Build.0 = Debug|Any CPU
		{D10FC4AF-9F93-4F03-B182-7E355CBE090E}.Release|Any CPU.ActiveCfg = Release|Any CPU
		{D10FC4AF-9F93-4F03-B182-7E355CBE090E}.Release|Any CPU.Build.0 = Release|Any CPU
		{234EA92B-DB0A-4554-8AE4-17A554220114}.Debug|Any CPU.ActiveCfg = Debug|Any CPU
		{234EA92B-DB0A-4554-8AE4-17A554220114}.Debug|Any CPU.Build.0 = Debug|Any CPU
		{234EA92B-DB0A-4554-8AE4-17A554220114}.Release|Any CPU.ActiveCfg = Release|Any CPU
		{234EA92B-DB0A-4554-8AE4-17A554220114}.Release|Any CPU.Build.0 = Release|Any CPU
		{796F1497-C3E5-47BC-BA4A-A0D4F87B9BBE}.Debug|Any CPU.ActiveCfg = Debug|Any CPU
		{796F1497-C3E5-47BC-BA4A-A0D4F87B9BBE}.Debug|Any CPU.Build.0 = Debug|Any CPU
		{796F1497-C3E5-47BC-BA4A-A0D4F87B9BBE}.Release|Any CPU.ActiveCfg = Release|Any CPU
		{796F1497-C3E5-47BC-BA4A-A0D4F87B9BBE}.Release|Any CPU.Build.0 = Release|Any CPU
		{21494EA9-4891-4CE4-99F7-14B876F8C9AB}.Debug|Any CPU.ActiveCfg = Debug|Any CPU
		{21494EA9-4891-4CE4-99F7-14B876F8C9AB}.Debug|Any CPU.Build.0 = Debug|Any CPU
		{21494EA9-4891-4CE4-99F7-14B876F8C9AB}.Release|Any CPU.ActiveCfg = Release|Any CPU
		{21494EA9-4891-4CE4-99F7-14B876F8C9AB}.Release|Any CPU.Build.0 = Release|Any CPU
		{8C7B7BD9-19E5-465C-8B4C-3562EFCCFD1A}.Debug|Any CPU.ActiveCfg = Debug|Any CPU
		{8C7B7BD9-19E5-465C-8B4C-3562EFCCFD1A}.Debug|Any CPU.Build.0 = Debug|Any CPU
		{8C7B7BD9-19E5-465C-8B4C-3562EFCCFD1A}.Release|Any CPU.ActiveCfg = Release|Any CPU
		{8C7B7BD9-19E5-465C-8B4C-3562EFCCFD1A}.Release|Any CPU.Build.0 = Release|Any CPU
		{597EA907-5E99-47D0-AA81-F0EF2FFD5FAD}.Debug|Any CPU.ActiveCfg = Debug|Any CPU
		{597EA907-5E99-47D0-AA81-F0EF2FFD5FAD}.Debug|Any CPU.Build.0 = Debug|Any CPU
		{597EA907-5E99-47D0-AA81-F0EF2FFD5FAD}.Release|Any CPU.ActiveCfg = Release|Any CPU
		{597EA907-5E99-47D0-AA81-F0EF2FFD5FAD}.Release|Any CPU.Build.0 = Release|Any CPU
		{AAFF0B99-EC70-4386-8D77-7CF0D9FD5B75}.Debug|Any CPU.ActiveCfg = Debug|Any CPU
		{AAFF0B99-EC70-4386-8D77-7CF0D9FD5B75}.Debug|Any CPU.Build.0 = Debug|Any CPU
		{AAFF0B99-EC70-4386-8D77-7CF0D9FD5B75}.Release|Any CPU.ActiveCfg = Release|Any CPU
		{AAFF0B99-EC70-4386-8D77-7CF0D9FD5B75}.Release|Any CPU.Build.0 = Release|Any CPU
		{A9FD9E31-6847-4EC9-921C-63C2864213D6}.Debug|Any CPU.ActiveCfg = Debug|Any CPU
		{A9FD9E31-6847-4EC9-921C-63C2864213D6}.Debug|Any CPU.Build.0 = Debug|Any CPU
		{A9FD9E31-6847-4EC9-921C-63C2864213D6}.Release|Any CPU.ActiveCfg = Release|Any CPU
		{A9FD9E31-6847-4EC9-921C-63C2864213D6}.Release|Any CPU.Build.0 = Release|Any CPU
		{365DA7C0-2345-4D4E-985F-69EEA37E6018}.Debug|Any CPU.ActiveCfg = Debug|Any CPU
		{365DA7C0-2345-4D4E-985F-69EEA37E6018}.Debug|Any CPU.Build.0 = Debug|Any CPU
		{365DA7C0-2345-4D4E-985F-69EEA37E6018}.Release|Any CPU.ActiveCfg = Release|Any CPU
		{365DA7C0-2345-4D4E-985F-69EEA37E6018}.Release|Any CPU.Build.0 = Release|Any CPU
	EndGlobalSection
	GlobalSection(SolutionProperties) = preSolution
		HideSolutionNode = FALSE
	EndGlobalSection
	GlobalSection(ExtensibilityGlobals) = postSolution
		SolutionGuid = {C875E97D-ECDA-4EBB-B804-3C84C73D8365}
	EndGlobalSection
EndGlobal
